// !$*UTF8*$!
{
	archiveVersion = 1;
	classes = {
	};
	objectVersion = 60;
	objects = {

/* Begin PBXBuildFile section */
		791D89D22CB720D7007E8D79 /* Deepgram in Frameworks */ = {isa = PBXBuildFile; productRef = 791D89D12CB720D7007E8D79 /* Deepgram */; };
		791D89D42CB720D7007E8D79 /* DeepgramDependency in Frameworks */ = {isa = PBXBuildFile; productRef = 791D89D32CB720D7007E8D79 /* DeepgramDependency */; };
		792057112D4FFB480057B2B0 /* StreamVADView.swift in Sources */ = {isa = PBXBuildFile; fileRef = 792057102D4FFB480057B2B0 /* StreamVADView.swift */; };
		79C3D7CD2BC1A3780027390F /* AudioRecorderExamplesApp.swift in Sources */ = {isa = PBXBuildFile; fileRef = 79C3D7CC2BC1A3780027390F /* AudioRecorderExamplesApp.swift */; };
		79C3D7CF2BC1A3780027390F /* ContentView.swift in Sources */ = {isa = PBXBuildFile; fileRef = 79C3D7CE2BC1A3780027390F /* ContentView.swift */; };
		79C3D7D12BC1A3790027390F /* Assets.xcassets in Resources */ = {isa = PBXBuildFile; fileRef = 79C3D7D02BC1A3790027390F /* Assets.xcassets */; };
		79C3D7D52BC1A3790027390F /* Preview Assets.xcassets in Resources */ = {isa = PBXBuildFile; fileRef = 79C3D7D42BC1A3790027390F /* Preview Assets.xcassets */; };
		79C3D7DE2BC1A3CC0027390F /* AudioDataStreamClient in Frameworks */ = {isa = PBXBuildFile; productRef = 79C3D7DD2BC1A3CC0027390F /* AudioDataStreamClient */; };
		79C3D7E02BC1ADBA0027390F /* WebSocketClient.swift in Sources */ = {isa = PBXBuildFile; fileRef = 79C3D7DF2BC1ADBA0027390F /* WebSocketClient.swift */; };
		79D8F5DF2E0E841200081D54 /* WSClient in Frameworks */ = {isa = PBXBuildFile; productRef = 79D8F5DE2E0E841200081D54 /* WSClient */; };
		79D8F5E12E0E841200081D54 /* WSCompression in Frameworks */ = {isa = PBXBuildFile; productRef = 79D8F5E02E0E841200081D54 /* WSCompression */; };
		79D8F5E32E0E841200081D54 /* WSCore in Frameworks */ = {isa = PBXBuildFile; productRef = 79D8F5E22E0E841200081D54 /* WSCore */; };
		79EBD2A22DBABDB100600975 /* IsMutedView.swift in Sources */ = {isa = PBXBuildFile; fileRef = 79EBD2A12DBABDB100600975 /* IsMutedView.swift */; };
		79EBD2A42DBABE6F00600975 /* AudioRecorderClient in Frameworks */ = {isa = PBXBuildFile; productRef = 79EBD2A32DBABE6F00600975 /* AudioRecorderClient */; };
		79F1D09D2DE33A9E0092DFC0 /* SpecificMicrophoneRecorder.swift in Sources */ = {isa = PBXBuildFile; fileRef = 79F1D09C2DE33A9E0092DFC0 /* SpecificMicrophoneRecorder.swift */; };
		79F1D09F2DE344630092DFC0 /* AudioError.swift in Sources */ = {isa = PBXBuildFile; fileRef = 79F1D09E2DE344630092DFC0 /* AudioError.swift */; };
		79FB3BD52D899210001EB280 /* StreamToSFSpeech.swift in Sources */ = {isa = PBXBuildFile; fileRef = 79FB3BD42D899210001EB280 /* StreamToSFSpeech.swift */; };
		79FC3B1D2E06D920006623E0 /* OpenAIAsyncHTTPClient in Frameworks */ = {isa = PBXBuildFile; productRef = 79FC3B1C2E06D920006623E0 /* OpenAIAsyncHTTPClient */; };
		79FC3B1F2E06D920006623E0 /* SwiftOpenAITypes in Frameworks */ = {isa = PBXBuildFile; productRef = 79FC3B1E2E06D920006623E0 /* SwiftOpenAITypes */; };
		79FC3B212E06D94A006623E0 /* OpenAIRealTimeTranscription.swift in Sources */ = {isa = PBXBuildFile; fileRef = 79FC3B202E06D94A006623E0 /* OpenAIRealTimeTranscription.swift */; };
		79FC3B242E06DA3B006623E0 /* Starscream in Frameworks */ = {isa = PBXBuildFile; productRef = 79FC3B232E06DA3B006623E0 /* Starscream */; };
/* End PBXBuildFile section */

/* Begin PBXFileReference section */
		792057102D4FFB480057B2B0 /* StreamVADView.swift */ = {isa = PBXFileReference; lastKnownFileType = sourcecode.swift; path = StreamVADView.swift; sourceTree = "<group>"; };
		79C3D7C92BC1A3780027390F /* AudioRecorderExamples.app */ = {isa = PBXFileReference; explicitFileType = wrapper.application; includeInIndex = 0; path = AudioRecorderExamples.app; sourceTree = BUILT_PRODUCTS_DIR; };
		79C3D7CC2BC1A3780027390F /* AudioRecorderExamplesApp.swift */ = {isa = PBXFileReference; lastKnownFileType = sourcecode.swift; path = AudioRecorderExamplesApp.swift; sourceTree = "<group>"; };
		79C3D7CE2BC1A3780027390F /* ContentView.swift */ = {isa = PBXFileReference; lastKnownFileType = sourcecode.swift; path = ContentView.swift; sourceTree = "<group>"; };
		79C3D7D02BC1A3790027390F /* Assets.xcassets */ = {isa = PBXFileReference; lastKnownFileType = folder.assetcatalog; path = Assets.xcassets; sourceTree = "<group>"; };
		79C3D7D22BC1A3790027390F /* AudioRecorderExamples.entitlements */ = {isa = PBXFileReference; lastKnownFileType = text.plist.entitlements; path = AudioRecorderExamples.entitlements; sourceTree = "<group>"; };
		79C3D7D42BC1A3790027390F /* Preview Assets.xcassets */ = {isa = PBXFileReference; lastKnownFileType = folder.assetcatalog; path = "Preview Assets.xcassets"; sourceTree = "<group>"; };
		79C3D7DB2BC1A39A0027390F /* AudioRecorder */ = {isa = PBXFileReference; lastKnownFileType = wrapper; name = AudioRecorder; path = ../..; sourceTree = "<group>"; };
		79C3D7DF2BC1ADBA0027390F /* WebSocketClient.swift */ = {isa = PBXFileReference; lastKnownFileType = sourcecode.swift; path = WebSocketClient.swift; sourceTree = "<group>"; };
		79EBD2A12DBABDB100600975 /* IsMutedView.swift */ = {isa = PBXFileReference; lastKnownFileType = sourcecode.swift; path = IsMutedView.swift; sourceTree = "<group>"; };
		79F1D09C2DE33A9E0092DFC0 /* SpecificMicrophoneRecorder.swift */ = {isa = PBXFileReference; lastKnownFileType = sourcecode.swift; path = SpecificMicrophoneRecorder.swift; sourceTree = "<group>"; };
		79F1D09E2DE344630092DFC0 /* AudioError.swift */ = {isa = PBXFileReference; lastKnownFileType = sourcecode.swift; path = AudioError.swift; sourceTree = "<group>"; };
		79FB3BD42D899210001EB280 /* StreamToSFSpeech.swift */ = {isa = PBXFileReference; lastKnownFileType = sourcecode.swift; path = StreamToSFSpeech.swift; sourceTree = "<group>"; };
		79FC3B202E06D94A006623E0 /* OpenAIRealTimeTranscription.swift */ = {isa = PBXFileReference; lastKnownFileType = sourcecode.swift; path = OpenAIRealTimeTranscription.swift; sourceTree = "<group>"; };
/* End PBXFileReference section */

/* Begin PBXFrameworksBuildPhase section */
		79C3D7C62BC1A3780027390F /* Frameworks */ = {
			isa = PBXFrameworksBuildPhase;
			buildActionMask = 2147483647;
			files = (
				79D8F5E12E0E841200081D54 /* WSCompression in Frameworks */,
				79FC3B242E06DA3B006623E0 /* Starscream in Frameworks */,
				79D8F5DF2E0E841200081D54 /* WSClient in Frameworks */,
				79FC3B1F2E06D920006623E0 /* SwiftOpenAITypes in Frameworks */,
				79C3D7DE2BC1A3CC0027390F /* AudioDataStreamClient in Frameworks */,
				79D8F5E32E0E841200081D54 /* WSCore in Frameworks */,
				791D89D42CB720D7007E8D79 /* DeepgramDependency in Frameworks */,
				79EBD2A42DBABE6F00600975 /* AudioRecorderClient in Frameworks */,
				791D89D22CB720D7007E8D79 /* Deepgram in Frameworks */,
				79FC3B1D2E06D920006623E0 /* OpenAIAsyncHTTPClient in Frameworks */,
			);
			runOnlyForDeploymentPostprocessing = 0;
		};
/* End PBXFrameworksBuildPhase section */

/* Begin PBXGroup section */
		79C3D7C02BC1A3780027390F = {
			isa = PBXGroup;
			children = (
				79C3D7DB2BC1A39A0027390F /* AudioRecorder */,
				79C3D7CB2BC1A3780027390F /* AudioRecorderExamples */,
				79C3D7CA2BC1A3780027390F /* Products */,
				79C3D7DC2BC1A3CC0027390F /* Frameworks */,
			);
			sourceTree = "<group>";
		};
		79C3D7CA2BC1A3780027390F /* Products */ = {
			isa = PBXGroup;
			children = (
				79C3D7C92BC1A3780027390F /* AudioRecorderExamples.app */,
			);
			name = Products;
			sourceTree = "<group>";
		};
		79C3D7CB2BC1A3780027390F /* AudioRecorderExamples */ = {
			isa = PBXGroup;
			children = (
				79F1D09E2DE344630092DFC0 /* AudioError.swift */,
				79F1D09C2DE33A9E0092DFC0 /* SpecificMicrophoneRecorder.swift */,
				79C3D7CC2BC1A3780027390F /* AudioRecorderExamplesApp.swift */,
				792057102D4FFB480057B2B0 /* StreamVADView.swift */,
				79C3D7CE2BC1A3780027390F /* ContentView.swift */,
				79C3D7D02BC1A3790027390F /* Assets.xcassets */,
				79C3D7D22BC1A3790027390F /* AudioRecorderExamples.entitlements */,
				79C3D7D32BC1A3790027390F /* Preview Content */,
				79C3D7DF2BC1ADBA0027390F /* WebSocketClient.swift */,
				79FB3BD42D899210001EB280 /* StreamToSFSpeech.swift */,
				79EBD2A12DBABDB100600975 /* IsMutedView.swift */,
				79FC3B202E06D94A006623E0 /* OpenAIRealTimeTranscription.swift */,
			);
			path = AudioRecorderExamples;
			sourceTree = "<group>";
		};
		79C3D7D32BC1A3790027390F /* Preview Content */ = {
			isa = PBXGroup;
			children = (
				79C3D7D42BC1A3790027390F /* Preview Assets.xcassets */,
			);
			path = "Preview Content";
			sourceTree = "<group>";
		};
		79C3D7DC2BC1A3CC0027390F /* Frameworks */ = {
			isa = PBXGroup;
			children = (
			);
			name = Frameworks;
			sourceTree = "<group>";
		};
/* End PBXGroup section */

/* Begin PBXNativeTarget section */
		79C3D7C82BC1A3780027390F /* AudioRecorderExamples */ = {
			isa = PBXNativeTarget;
			buildConfigurationList = 79C3D7D82BC1A3790027390F /* Build configuration list for PBXNativeTarget "AudioRecorderExamples" */;
			buildPhases = (
				79C3D7C52BC1A3780027390F /* Sources */,
				79C3D7C62BC1A3780027390F /* Frameworks */,
				79C3D7C72BC1A3780027390F /* Resources */,
			);
			buildRules = (
			);
			dependencies = (
			);
			name = AudioRecorderExamples;
			packageProductDependencies = (
				79C3D7DD2BC1A3CC0027390F /* AudioDataStreamClient */,
				791D89D12CB720D7007E8D79 /* Deepgram */,
				791D89D32CB720D7007E8D79 /* DeepgramDependency */,
				79EBD2A32DBABE6F00600975 /* AudioRecorderClient */,
				79FC3B1C2E06D920006623E0 /* OpenAIAsyncHTTPClient */,
				79FC3B1E2E06D920006623E0 /* SwiftOpenAITypes */,
				79FC3B232E06DA3B006623E0 /* Starscream */,
				79D8F5DE2E0E841200081D54 /* WSClient */,
				79D8F5E02E0E841200081D54 /* WSCompression */,
				79D8F5E22E0E841200081D54 /* WSCore */,
			);
			productName = AudioRecorderExamples;
			productReference = 79C3D7C92BC1A3780027390F /* AudioRecorderExamples.app */;
			productType = "com.apple.product-type.application";
		};
/* End PBXNativeTarget section */

/* Begin PBXProject section */
		79C3D7C12BC1A3780027390F /* Project object */ = {
			isa = PBXProject;
			attributes = {
				BuildIndependentTargetsInParallel = 1;
				LastSwiftUpdateCheck = 1530;
				LastUpgradeCheck = 1630;
				TargetAttributes = {
					79C3D7C82BC1A3780027390F = {
						CreatedOnToolsVersion = 15.3;
					};
				};
			};
			buildConfigurationList = 79C3D7C42BC1A3780027390F /* Build configuration list for PBXProject "AudioRecorderExamples" */;
			compatibilityVersion = "Xcode 14.0";
			developmentRegion = en;
			hasScannedForEncodings = 0;
			knownRegions = (
				en,
				Base,
			);
			mainGroup = 79C3D7C02BC1A3780027390F;
			packageReferences = (
				791D89D02CB720D7007E8D79 /* XCLocalSwiftPackageReference "../../../Deepgram" */,
				79FC3B1B2E06D920006623E0 /* XCLocalSwiftPackageReference "../../../swift-openai-api" */,
				79FC3B222E06DA3B006623E0 /* XCRemoteSwiftPackageReference "Starscream" */,
				79D8F5DD2E0E841200081D54 /* XCRemoteSwiftPackageReference "swift-websocket" */,
			);
			productRefGroup = 79C3D7CA2BC1A3780027390F /* Products */;
			projectDirPath = "";
			projectRoot = "";
			targets = (
				79C3D7C82BC1A3780027390F /* AudioRecorderExamples */,
			);
		};
/* End PBXProject section */

/* Begin PBXResourcesBuildPhase section */
		79C3D7C72BC1A3780027390F /* Resources */ = {
			isa = PBXResourcesBuildPhase;
			buildActionMask = 2147483647;
			files = (
				79C3D7D52BC1A3790027390F /* Preview Assets.xcassets in Resources */,
				79C3D7D12BC1A3790027390F /* Assets.xcassets in Resources */,
			);
			runOnlyForDeploymentPostprocessing = 0;
		};
/* End PBXResourcesBuildPhase section */

/* Begin PBXSourcesBuildPhase section */
		79C3D7C52BC1A3780027390F /* Sources */ = {
			isa = PBXSourcesBuildPhase;
			buildActionMask = 2147483647;
			files = (
				792057112D4FFB480057B2B0 /* StreamVADView.swift in Sources */,
				79C3D7CF2BC1A3780027390F /* ContentView.swift in Sources */,
				79EBD2A22DBABDB100600975 /* IsMutedView.swift in Sources */,
				79FB3BD52D899210001EB280 /* StreamToSFSpeech.swift in Sources */,
				79F1D09D2DE33A9E0092DFC0 /* SpecificMicrophoneRecorder.swift in Sources */,
				79C3D7CD2BC1A3780027390F /* AudioRecorderExamplesApp.swift in Sources */,
				79FC3B212E06D94A006623E0 /* OpenAIRealTimeTranscription.swift in Sources */,
				79C3D7E02BC1ADBA0027390F /* WebSocketClient.swift in Sources */,
				79F1D09F2DE344630092DFC0 /* AudioError.swift in Sources */,
			);
			runOnlyForDeploymentPostprocessing = 0;
		};
/* End PBXSourcesBuildPhase section */

/* Begin XCBuildConfiguration section */
		79C3D7D62BC1A3790027390F /* Debug */ = {
			isa = XCBuildConfiguration;
			buildSettings = {
				ALWAYS_SEARCH_USER_PATHS = NO;
				ASSETCATALOG_COMPILER_GENERATE_SWIFT_ASSET_SYMBOL_EXTENSIONS = YES;
				CLANG_ANALYZER_NONNULL = YES;
				CLANG_ANALYZER_NUMBER_OBJECT_CONVERSION = YES_AGGRESSIVE;
				CLANG_CXX_LANGUAGE_STANDARD = "gnu++20";
				CLANG_ENABLE_MODULES = YES;
				CLANG_ENABLE_OBJC_ARC = YES;
				CLANG_ENABLE_OBJC_WEAK = YES;
				CLANG_WARN_BLOCK_CAPTURE_AUTORELEASING = YES;
				CLANG_WARN_BOOL_CONVERSION = YES;
				CLANG_WARN_COMMA = YES;
				CLANG_WARN_CONSTANT_CONVERSION = YES;
				CLANG_WARN_DEPRECATED_OBJC_IMPLEMENTATIONS = YES;
				CLANG_WARN_DIRECT_OBJC_ISA_USAGE = YES_ERROR;
				CLANG_WARN_DOCUMENTATION_COMMENTS = YES;
				CLANG_WARN_EMPTY_BODY = YES;
				CLANG_WARN_ENUM_CONVERSION = YES;
				CLANG_WARN_INFINITE_RECURSION = YES;
				CLANG_WARN_INT_CONVERSION = YES;
				CLANG_WARN_NON_LITERAL_NULL_CONVERSION = YES;
				CLANG_WARN_OBJC_IMPLICIT_RETAIN_SELF = YES;
				CLANG_WARN_OBJC_LITERAL_CONVERSION = YES;
				CLANG_WARN_OBJC_ROOT_CLASS = YES_ERROR;
				CLANG_WARN_QUOTED_INCLUDE_IN_FRAMEWORK_HEADER = YES;
				CLANG_WARN_RANGE_LOOP_ANALYSIS = YES;
				CLANG_WARN_STRICT_PROTOTYPES = YES;
				CLANG_WARN_SUSPICIOUS_MOVE = YES;
				CLANG_WARN_UNGUARDED_AVAILABILITY = YES_AGGRESSIVE;
				CLANG_WARN_UNREACHABLE_CODE = YES;
				CLANG_WARN__DUPLICATE_METHOD_MATCH = YES;
				COPY_PHASE_STRIP = NO;
				DEAD_CODE_STRIPPING = YES;
				DEBUG_INFORMATION_FORMAT = dwarf;
				DEVELOPMENT_TEAM = QH8XT2FZ8W;
				ENABLE_STRICT_OBJC_MSGSEND = YES;
				ENABLE_TESTABILITY = YES;
				ENABLE_USER_SCRIPT_SANDBOXING = YES;
				GCC_C_LANGUAGE_STANDARD = gnu17;
				GCC_DYNAMIC_NO_PIC = NO;
				GCC_NO_COMMON_BLOCKS = YES;
				GCC_OPTIMIZATION_LEVEL = 0;
				GCC_PREPROCESSOR_DEFINITIONS = (
					"DEBUG=1",
					"$(inherited)",
				);
				GCC_WARN_64_TO_32_BIT_CONVERSION = YES;
				GCC_WARN_ABOUT_RETURN_TYPE = YES_ERROR;
				GCC_WARN_UNDECLARED_SELECTOR = YES;
				GCC_WARN_UNINITIALIZED_AUTOS = YES_AGGRESSIVE;
				GCC_WARN_UNUSED_FUNCTION = YES;
				GCC_WARN_UNUSED_VARIABLE = YES;
				LOCALIZATION_PREFERS_STRING_CATALOGS = YES;
				MTL_ENABLE_DEBUG_INFO = INCLUDE_SOURCE;
				MTL_FAST_MATH = YES;
				ONLY_ACTIVE_ARCH = YES;
				SWIFT_ACTIVE_COMPILATION_CONDITIONS = "DEBUG $(inherited)";
				SWIFT_OPTIMIZATION_LEVEL = "-Onone";
			};
			name = Debug;
		};
		79C3D7D72BC1A3790027390F /* Release */ = {
			isa = XCBuildConfiguration;
			buildSettings = {
				ALWAYS_SEARCH_USER_PATHS = NO;
				ASSETCATALOG_COMPILER_GENERATE_SWIFT_ASSET_SYMBOL_EXTENSIONS = YES;
				CLANG_ANALYZER_NONNULL = YES;
				CLANG_ANALYZER_NUMBER_OBJECT_CONVERSION = YES_AGGRESSIVE;
				CLANG_CXX_LANGUAGE_STANDARD = "gnu++20";
				CLANG_ENABLE_MODULES = YES;
				CLANG_ENABLE_OBJC_ARC = YES;
				CLANG_ENABLE_OBJC_WEAK = YES;
				CLANG_WARN_BLOCK_CAPTURE_AUTORELEASING = YES;
				CLANG_WARN_BOOL_CONVERSION = YES;
				CLANG_WARN_COMMA = YES;
				CLANG_WARN_CONSTANT_CONVERSION = YES;
				CLANG_WARN_DEPRECATED_OBJC_IMPLEMENTATIONS = YES;
				CLANG_WARN_DIRECT_OBJC_ISA_USAGE = YES_ERROR;
				CLANG_WARN_DOCUMENTATION_COMMENTS = YES;
				CLANG_WARN_EMPTY_BODY = YES;
				CLANG_WARN_ENUM_CONVERSION = YES;
				CLANG_WARN_INFINITE_RECURSION = YES;
				CLANG_WARN_INT_CONVERSION = YES;
				CLANG_WARN_NON_LITERAL_NULL_CONVERSION = YES;
				CLANG_WARN_OBJC_IMPLICIT_RETAIN_SELF = YES;
				CLANG_WARN_OBJC_LITERAL_CONVERSION = YES;
				CLANG_WARN_OBJC_ROOT_CLASS = YES_ERROR;
				CLANG_WARN_QUOTED_INCLUDE_IN_FRAMEWORK_HEADER = YES;
				CLANG_WARN_RANGE_LOOP_ANALYSIS = YES;
				CLANG_WARN_STRICT_PROTOTYPES = YES;
				CLANG_WARN_SUSPICIOUS_MOVE = YES;
				CLANG_WARN_UNGUARDED_AVAILABILITY = YES_AGGRESSIVE;
				CLANG_WARN_UNREACHABLE_CODE = YES;
				CLANG_WARN__DUPLICATE_METHOD_MATCH = YES;
				COPY_PHASE_STRIP = NO;
				DEAD_CODE_STRIPPING = YES;
				DEBUG_INFORMATION_FORMAT = "dwarf-with-dsym";
				DEVELOPMENT_TEAM = QH8XT2FZ8W;
				ENABLE_NS_ASSERTIONS = NO;
				ENABLE_STRICT_OBJC_MSGSEND = YES;
				ENABLE_USER_SCRIPT_SANDBOXING = YES;
				GCC_C_LANGUAGE_STANDARD = gnu17;
				GCC_NO_COMMON_BLOCKS = YES;
				GCC_WARN_64_TO_32_BIT_CONVERSION = YES;
				GCC_WARN_ABOUT_RETURN_TYPE = YES_ERROR;
				GCC_WARN_UNDECLARED_SELECTOR = YES;
				GCC_WARN_UNINITIALIZED_AUTOS = YES_AGGRESSIVE;
				GCC_WARN_UNUSED_FUNCTION = YES;
				GCC_WARN_UNUSED_VARIABLE = YES;
				LOCALIZATION_PREFERS_STRING_CATALOGS = YES;
				MTL_ENABLE_DEBUG_INFO = NO;
				MTL_FAST_MATH = YES;
				SWIFT_COMPILATION_MODE = wholemodule;
			};
			name = Release;
		};
		79C3D7D92BC1A3790027390F /* Debug */ = {
			isa = XCBuildConfiguration;
			buildSettings = {
				ASSETCATALOG_COMPILER_APPICON_NAME = AppIcon;
				ASSETCATALOG_COMPILER_GLOBAL_ACCENT_COLOR_NAME = AccentColor;
				CODE_SIGN_ENTITLEMENTS = AudioRecorderExamples/AudioRecorderExamples.entitlements;
				CODE_SIGN_STYLE = Automatic;
				CURRENT_PROJECT_VERSION = 1;
				DEAD_CODE_STRIPPING = YES;
				DEVELOPMENT_ASSET_PATHS = "\"AudioRecorderExamples/Preview Content\"";
				ENABLE_HARDENED_RUNTIME = YES;
				ENABLE_PREVIEWS = YES;
				GENERATE_INFOPLIST_FILE = YES;
				INFOPLIST_KEY_NSMicrophoneUsageDescription = "record mic";
				INFOPLIST_KEY_NSSpeechRecognitionUsageDescription = NSSpeechRecognitionUsageDescription;
				"INFOPLIST_KEY_UIApplicationSceneManifest_Generation[sdk=iphoneos*]" = YES;
				"INFOPLIST_KEY_UIApplicationSceneManifest_Generation[sdk=iphonesimulator*]" = YES;
				"INFOPLIST_KEY_UIApplicationSupportsIndirectInputEvents[sdk=iphoneos*]" = YES;
				"INFOPLIST_KEY_UIApplicationSupportsIndirectInputEvents[sdk=iphonesimulator*]" = YES;
				"INFOPLIST_KEY_UILaunchScreen_Generation[sdk=iphoneos*]" = YES;
				"INFOPLIST_KEY_UILaunchScreen_Generation[sdk=iphonesimulator*]" = YES;
				"INFOPLIST_KEY_UIStatusBarStyle[sdk=iphoneos*]" = UIStatusBarStyleDefault;
				"INFOPLIST_KEY_UIStatusBarStyle[sdk=iphonesimulator*]" = UIStatusBarStyleDefault;
				INFOPLIST_KEY_UISupportedInterfaceOrientations_iPad = "UIInterfaceOrientationPortrait UIInterfaceOrientationPortraitUpsideDown UIInterfaceOrientationLandscapeLeft UIInterfaceOrientationLandscapeRight";
				INFOPLIST_KEY_UISupportedInterfaceOrientations_iPhone = "UIInterfaceOrientationPortrait UIInterfaceOrientationLandscapeLeft UIInterfaceOrientationLandscapeRight";
				IPHONEOS_DEPLOYMENT_TARGET = 17.4;
				LD_RUNPATH_SEARCH_PATHS = "@executable_path/Frameworks";
				"LD_RUNPATH_SEARCH_PATHS[sdk=macosx*]" = "@executable_path/../Frameworks";
				MACOSX_DEPLOYMENT_TARGET = 14.4;
				MARKETING_VERSION = 1.0;
				PRODUCT_BUNDLE_IDENTIFIER = com.actondon.AudioRecorderExamples;
				PRODUCT_NAME = "$(TARGET_NAME)";
				SDKROOT = auto;
				SUPPORTED_PLATFORMS = "iphoneos iphonesimulator macosx";
				SWIFT_EMIT_LOC_STRINGS = YES;
				SWIFT_VERSION = 5.0;
				TARGETED_DEVICE_FAMILY = "1,2";
			};
			name = Debug;
		};
		79C3D7DA2BC1A3790027390F /* Release */ = {
			isa = XCBuildConfiguration;
			buildSettings = {
				ASSETCATALOG_COMPILER_APPICON_NAME = AppIcon;
				ASSETCATALOG_COMPILER_GLOBAL_ACCENT_COLOR_NAME = AccentColor;
				CODE_SIGN_ENTITLEMENTS = AudioRecorderExamples/AudioRecorderExamples.entitlements;
				CODE_SIGN_STYLE = Automatic;
				CURRENT_PROJECT_VERSION = 1;
				DEAD_CODE_STRIPPING = YES;
				DEVELOPMENT_ASSET_PATHS = "\"AudioRecorderExamples/Preview Content\"";
				ENABLE_HARDENED_RUNTIME = YES;
				ENABLE_PREVIEWS = YES;
				GENERATE_INFOPLIST_FILE = YES;
				INFOPLIST_KEY_NSMicrophoneUsageDescription = "record mic";
				INFOPLIST_KEY_NSSpeechRecognitionUsageDescription = NSSpeechRecognitionUsageDescription;
				"INFOPLIST_KEY_UIApplicationSceneManifest_Generation[sdk=iphoneos*]" = YES;
				"INFOPLIST_KEY_UIApplicationSceneManifest_Generation[sdk=iphonesimulator*]" = YES;
				"INFOPLIST_KEY_UIApplicationSupportsIndirectInputEvents[sdk=iphoneos*]" = YES;
				"INFOPLIST_KEY_UIApplicationSupportsIndirectInputEvents[sdk=iphonesimulator*]" = YES;
				"INFOPLIST_KEY_UILaunchScreen_Generation[sdk=iphoneos*]" = YES;
				"INFOPLIST_KEY_UILaunchScreen_Generation[sdk=iphonesimulator*]" = YES;
				"INFOPLIST_KEY_UIStatusBarStyle[sdk=iphoneos*]" = UIStatusBarStyleDefault;
				"INFOPLIST_KEY_UIStatusBarStyle[sdk=iphonesimulator*]" = UIStatusBarStyleDefault;
				INFOPLIST_KEY_UISupportedInterfaceOrientations_iPad = "UIInterfaceOrientationPortrait UIInterfaceOrientationPortraitUpsideDown UIInterfaceOrientationLandscapeLeft UIInterfaceOrientationLandscapeRight";
				INFOPLIST_KEY_UISupportedInterfaceOrientations_iPhone = "UIInterfaceOrientationPortrait UIInterfaceOrientationLandscapeLeft UIInterfaceOrientationLandscapeRight";
				IPHONEOS_DEPLOYMENT_TARGET = 17.4;
				LD_RUNPATH_SEARCH_PATHS = "@executable_path/Frameworks";
				"LD_RUNPATH_SEARCH_PATHS[sdk=macosx*]" = "@executable_path/../Frameworks";
				MACOSX_DEPLOYMENT_TARGET = 14.4;
				MARKETING_VERSION = 1.0;
				PRODUCT_BUNDLE_IDENTIFIER = com.actondon.AudioRecorderExamples;
				PRODUCT_NAME = "$(TARGET_NAME)";
				SDKROOT = auto;
				SUPPORTED_PLATFORMS = "iphoneos iphonesimulator macosx";
				SWIFT_EMIT_LOC_STRINGS = YES;
				SWIFT_VERSION = 5.0;
				TARGETED_DEVICE_FAMILY = "1,2";
			};
			name = Release;
		};
/* End XCBuildConfiguration section */

/* Begin XCConfigurationList section */
		79C3D7C42BC1A3780027390F /* Build configuration list for PBXProject "AudioRecorderExamples" */ = {
			isa = XCConfigurationList;
			buildConfigurations = (
				79C3D7D62BC1A3790027390F /* Debug */,
				79C3D7D72BC1A3790027390F /* Release */,
			);
			defaultConfigurationIsVisible = 0;
			defaultConfigurationName = Release;
		};
		79C3D7D82BC1A3790027390F /* Build configuration list for PBXNativeTarget "AudioRecorderExamples" */ = {
			isa = XCConfigurationList;
			buildConfigurations = (
				79C3D7D92BC1A3790027390F /* Debug */,
				79C3D7DA2BC1A3790027390F /* Release */,
			);
			defaultConfigurationIsVisible = 0;
			defaultConfigurationName = Release;
		};
/* End XCConfigurationList section */

/* Begin XCLocalSwiftPackageReference section */
		791D89D02CB720D7007E8D79 /* XCLocalSwiftPackageReference "../../../Deepgram" */ = {
			isa = XCLocalSwiftPackageReference;
			relativePath = ../../../Deepgram;
		};
		79FC3B1B2E06D920006623E0 /* XCLocalSwiftPackageReference "../../../swift-openai-api" */ = {
			isa = XCLocalSwiftPackageReference;
			relativePath = "../../../swift-openai-api";
		};
/* End XCLocalSwiftPackageReference section */

/* Begin XCRemoteSwiftPackageReference section */
		79D8F5DD2E0E841200081D54 /* XCRemoteSwiftPackageReference "swift-websocket" */ = {
			isa = XCRemoteSwiftPackageReference;
			repositoryURL = "https://github.com/hummingbird-project/swift-websocket";
			requirement = {
				branch = "ws-fixes";
				kind = branch;
			};
		};
		79FC3B222E06DA3B006623E0 /* XCRemoteSwiftPackageReference "Starscream" */ = {
			isa = XCRemoteSwiftPackageReference;
			repositoryURL = "https://github.com/daltoniam/Starscream";
			requirement = {
				kind = upToNextMajorVersion;
				minimumVersion = 4.0.8;
			};
		};
/* End XCRemoteSwiftPackageReference section */

/* Begin XCSwiftPackageProductDependency section */
		791D89D12CB720D7007E8D79 /* Deepgram */ = {
			isa = XCSwiftPackageProductDependency;
			productName = Deepgram;
		};
		791D89D32CB720D7007E8D79 /* DeepgramDependency */ = {
			isa = XCSwiftPackageProductDependency;
			productName = DeepgramDependency;
		};
		79C3D7DD2BC1A3CC0027390F /* AudioDataStreamClient */ = {
			isa = XCSwiftPackageProductDependency;
			productName = AudioDataStreamClient;
		};
		79D8F5DE2E0E841200081D54 /* WSClient */ = {
			isa = XCSwiftPackageProductDependency;
			package = 79D8F5DD2E0E841200081D54 /* XCRemoteSwiftPackageReference "swift-websocket" */;
			productName = WSClient;
		};
		79D8F5E02E0E841200081D54 /* WSCompression */ = {
			isa = XCSwiftPackageProductDependency;
			package = 79D8F5DD2E0E841200081D54 /* XCRemoteSwiftPackageReference "swift-websocket" */;
			productName = WSCompression;
		};
		79D8F5E22E0E841200081D54 /* WSCore */ = {
			isa = XCSwiftPackageProductDependency;
			package = 79D8F5DD2E0E841200081D54 /* XCRemoteSwiftPackageReference "swift-websocket" */;
			productName = WSCore;
		};
		79EBD2A32DBABE6F00600975 /* AudioRecorderClient */ = {
			isa = XCSwiftPackageProductDependency;
			productName = AudioRecorderClient;
		};
		79FC3B1C2E06D920006623E0 /* OpenAIAsyncHTTPClient */ = {
			isa = XCSwiftPackageProductDependency;
			productName = OpenAIAsyncHTTPClient;
		};
		79FC3B1E2E06D920006623E0 /* SwiftOpenAITypes */ = {
			isa = XCSwiftPackageProductDependency;
			productName = SwiftOpenAITypes;
		};
		79FC3B232E06DA3B006623E0 /* Starscream */ = {
			isa = XCSwiftPackageProductDependency;
			package = 79FC3B222E06DA3B006623E0 /* XCRemoteSwiftPackageReference "Starscream" */;
			productName = Starscream;
		};
/* End XCSwiftPackageProductDependency section */
	};
	rootObject = 79C3D7C12BC1A3780027390F /* Project object */;
}
